<?xml version="1.0" encoding="utf-8"?>
<Project ToolsVersion="4.0" xmlns="http://schemas.microsoft.com/developer/msbuild/2003">
  <ItemGroup>
    <Filter Include="src">
      <UniqueIdentifier>{4FC737F1-C7A5-4376-A066-2A32D752A2FF}</UniqueIdentifier>
      <Extensions>cpp;c;cc;cxx;def;odl;idl;hpj;bat;asm;asmx</Extensions>
    </Filter>
    <Filter Include="inc">
      <UniqueIdentifier>{8ab33d03-e680-4692-8168-542068809a3d}</UniqueIdentifier>
    </Filter>
  </ItemGroup>
  <ItemGroup>
    <ClCompile Include="main.cpp" />
  </ItemGroup>
  <ItemGroup>
    <ClInclude Include="game.h">
      <Filter>inc</Filter>
    </ClInclude>
    <ClInclude Include="Player.h">
      <Filter>inc</Filter>
    </ClInclude>
    <ClInclude Include="Obstacle.h">
      <Filter>inc</Filter>
    </ClInclude>
  </ItemGroup>
</Project>